
Microsoft Visual Studio Solution File, Format Version 12.00
# Visual Studio Version 17
VisualStudioVersion = 17.2.32630.192
MinimumVisualStudioVersion = 10.0.40219.1
Project("{FAE04EC0-301F-11D3-BF4B-00C04F79EFBC}") = "Student Web Api", "Student Web Api.csproj", "{E4495025-FA0A-4269-9E99-F4630111A848}"
EndProject
Global
	GlobalSection(SolutionConfigurationPlatforms) = preSolution
		Debug|Any CPU = Debug|Any CPU
		Release|Any CPU = Release|Any CPU
	EndGlobalSection
	GlobalSection(ProjectConfigurationPlatforms) = postSolution
		{E4495025-FA0A-4269-9E99-F4630111A848}.Debug|Any CPU.ActiveCfg = Debug|Any CPU
		{E4495025-FA0A-4269-9E99-F4630111A848}.Debug|Any CPU.Build.0 = Debug|Any CPU
		{E4495025-FA0A-4269-9E99-F4630111A848}.Release|Any CPU.ActiveCfg = Release|Any CPU
		{E4495025-FA0A-4269-9E99-F4630111A848}.Release|Any CPU.Build.0 = Release|Any CPU
	EndGlobalSection
	GlobalSection(SolutionProperties) = preSolution
		HideSolutionNode = FALSE
	EndGlobalSection
	GlobalSection(ExtensibilityGlobals) = postSolution
		SolutionGuid = {9840E400-B4B1-4A62-92C8-1F30A9D7C62E}
	EndGlobalSection
EndGlobal
